
Microsoft Visual Studio Solution File, Format Version 12.00
# Visual Studio Version 17
VisualStudioVersion = 17.5.002.0
MinimumVisualStudioVersion = 10.0.40219.1
Project("{9A19103F-16F7-4668-BE54-9A1E7A4F7556}") = "Calc", "Calc.csproj", "{B30348D4-913F-4402-92C9-C61C100F3EA9}"
EndProject
Global
	GlobalSection(SolutionConfigurationPlatforms) = preSolution
		Debug|Any CPU = Debug|Any CPU
		Release|Any CPU = Release|Any CPU
	EndGlobalSection
	GlobalSection(ProjectConfigurationPlatforms) = postSolution
		{B30348D4-913F-4402-92C9-C61C100F3EA9}.Debug|Any CPU.ActiveCfg = Debug|Any CPU
		{B30348D4-913F-4402-92C9-C61C100F3EA9}.Debug|Any CPU.Build.0 = Debug|Any CPU
		{B30348D4-913F-4402-92C9-C61C100F3EA9}.Release|Any CPU.ActiveCfg = Release|Any CPU
		{B30348D4-913F-4402-92C9-C61C100F3EA9}.Release|Any CPU.Build.0 = Release|Any CPU
	EndGlobalSection
	GlobalSection(SolutionProperties) = preSolution
		HideSolutionNode = FALSE
	EndGlobalSection
	GlobalSection(ExtensibilityGlobals) = postSolution
		SolutionGuid = {0D52957B-96FD-49A2-A8B7-2499389CE317}
	EndGlobalSection
EndGlobal
